
Microsoft Visual Studio Solution File, Format Version 12.00
# Visual Studio Version 16
VisualStudioVersion = 16.0.28809.33
MinimumVisualStudioVersion = 10.0.40219.1
Project("{FAE04EC0-301F-11D3-BF4B-00C04F79EFBC}") = "Game_Complexity", "Game_Complexity\Game_Complexity.csproj", "{574129B7-3B57-4B14-B804-BAA519993F7D}"
EndProject
Global
	GlobalSection(SolutionConfigurationPlatforms) = preSolution
		Debug|Any CPU = Debug|Any CPU
		Release|Any CPU = Release|Any CPU
	EndGlobalSection
	GlobalSection(ProjectConfigurationPlatforms) = postSolution
		{574129B7-3B57-4B14-B804-BAA519993F7D}.Debug|Any CPU.ActiveCfg = Debug|Any CPU
		{574129B7-3B57-4B14-B804-BAA519993F7D}.Debug|Any CPU.Build.0 = Debug|Any CPU
		{574129B7-3B57-4B14-B804-BAA519993F7D}.Release|Any CPU.ActiveCfg = Release|Any CPU
		{574129B7-3B57-4B14-B804-BAA519993F7D}.Release|Any CPU.Build.0 = Release|Any CPU
	EndGlobalSection
	GlobalSection(SolutionProperties) = preSolution
		HideSolutionNode = FALSE
	EndGlobalSection
	GlobalSection(ExtensibilityGlobals) = postSolution
		SolutionGuid = {E26B51C5-0683-4B07-8FD5-14A4F0818148}
	EndGlobalSection
EndGlobal
